
Microsoft Visual Studio Solution File, Format Version 12.00
# Visual Studio Version 16
VisualStudioVersion = 25.0.1705.2
MinimumVisualStudioVersion = 10.0.40219.1
Project("{FAE04EC0-301F-11D3-BF4B-00C04F79EFBC}") = "E_learning_Api", "E_learning_Api\E_learning_Api.csproj", "{87E64D9F-1875-4ACB-9BEF-5FDB49999244}"
EndProject
Global
	GlobalSection(SolutionConfigurationPlatforms) = preSolution
		Debug|Any CPU = Debug|Any CPU
		Release|Any CPU = Release|Any CPU
	EndGlobalSection
	GlobalSection(ProjectConfigurationPlatforms) = postSolution
		{87E64D9F-1875-4ACB-9BEF-5FDB49999244}.Debug|Any CPU.ActiveCfg = Debug|Any CPU
		{87E64D9F-1875-4ACB-9BEF-5FDB49999244}.Debug|Any CPU.Build.0 = Debug|Any CPU
		{87E64D9F-1875-4ACB-9BEF-5FDB49999244}.Release|Any CPU.ActiveCfg = Release|Any CPU
		{87E64D9F-1875-4ACB-9BEF-5FDB49999244}.Release|Any CPU.Build.0 = Release|Any CPU
	EndGlobalSection
	GlobalSection(SolutionProperties) = preSolution
		HideSolutionNode = FALSE
	EndGlobalSection
	GlobalSection(ExtensibilityGlobals) = postSolution
		SolutionGuid = {A2E2E55C-3269-4F2A-9E5B-2D7DA92C61D7}
	EndGlobalSection
EndGlobal
